{
  "version": 1,
  "dependencies": {
    "net10.0-windows7.0": {
      "bblanchon.PDFium.Win32": {
        "type": "Direct",
        "requested": "[154.0.8035, 154.0.8035]",
        "resolved": "154.0.8035",
        "contentHash": "eBidIMvH1+76ajznz5tdMx0A/odyPLKnQaggrL5tX1+al5/JEgwVtfHyzDGfIzuYXj5MLghyb+6KS3P/JATEPw=="
      },
      "PDFiumCore": {
        "type": "Direct",
        "requested": "[154.0.8035, 154.0.8035]",
        "resolved": "154.0.8035",
        "contentHash": "RM5FjCDJK+gdh/XV/ABC9dXuYgvhTi6lBg6O7dV7beT2XLEc8EuvPic27sm7reIiuVN7qdj0YJa2ovxPH0mFPw==",
        "dependencies": {
          "bblanchon.PDFium.Linux": "154.0.8035",
          "bblanchon.PDFium.Win32": "154.0.8035",
          "bblanchon.PDFium.macOS": "154.0.8035"
        }
      },
      "bblanchon.PDFium.Linux": {
        "type": "Transitive",
        "resolved": "154.0.8035",
        "contentHash": "eWTK37C4KjzbcqUtfsLD4nIdUgoh4BFhrRdm4GTH0uuKa/klCZbqCBwq3Zk2uZhl06uk1r0N/e3sog0t94aPcQ=="
      },
      "bblanchon.PDFium.macOS": {
        "type": "Transitive",
        "resolved": "154.0.8035",
        "contentHash": "hKhPX5Hfn9tQUCUEgYEmO+0sZxXud/zwhCU37zXWqOcwyhWhs9Zsv7EiUKSRdJrgYrruzuJzVuFvT4W4w3xA9A=="
      },
      "Microsoft.Extensions.DependencyInjection.Abstractions": {
        "type": "Transitive",
        "resolved": "8.0.2",
        "contentHash": "3iE7UF7MQkCv1cxzCahz+Y/guQbTqieyxyaWKhrRO91itI9cOKO76OHeQDahqG4MmW5umr3CcCvGmK92lWNlbg=="
      },
      "Microsoft.Extensions.Logging.Abstractions": {
        "type": "Transitive",
        "resolved": "8.0.3",
        "contentHash": "dL0QGToTxggRLMYY4ZYX5AMwBb+byQBd/5dMiZE07Nv73o6I5Are3C7eQTh7K2+A4ct0PVISSr7TZANbiNb2yQ==",
        "dependencies": {
          "Microsoft.Extensions.DependencyInjection.Abstractions": "8.0.2"
        }
      },
      "PDFsharp-MigraDoc-WPF": {
        "type": "Transitive",
        "resolved": "6.2.4",
        "contentHash": "0r3+I3H4BIv2Mt5+3ajQnilY5kqs6fByoVdNly1A2jGOJwjW5qaWE+ohgi9hbMY3hK/JwcxvuChhHz4fi5DO3Q==",
        "dependencies": {
          "Microsoft.Extensions.Logging.Abstractions": "8.0.3",
          "PDFsharp-WPF": "6.2.4"
        }
      },
      "PDFsharp-WPF": {
        "type": "Transitive",
        "resolved": "6.2.4",
        "contentHash": "wD2byoUNGc/IDmSSSPLGGCNMXf4TybnjKlcYa40nuWIYLVA4DSvnCvWr7HbsBEwFvAYRP6DceQ4MN35COD/pdw==",
        "dependencies": {
          "Microsoft.Extensions.Logging.Abstractions": "8.0.3"
        }
      },
      "visitplate.core": {
        "type": "Project",
        "dependencies": {
          "PDFsharp-MigraDoc-WPF": "[6.2.4, )"
        }
      }
    },
    "net10.0-windows7.0/win-x64": {
      "bblanchon.PDFium.Win32": {
        "type": "Direct",
        "requested": "[154.0.8035, 154.0.8035]",
        "resolved": "154.0.8035",
        "contentHash": "eBidIMvH1+76ajznz5tdMx0A/odyPLKnQaggrL5tX1+al5/JEgwVtfHyzDGfIzuYXj5MLghyb+6KS3P/JATEPw=="
      },
      "bblanchon.PDFium.Linux": {
        "type": "Transitive",
        "resolved": "154.0.8035",
        "contentHash": "eWTK37C4KjzbcqUtfsLD4nIdUgoh4BFhrRdm4GTH0uuKa/klCZbqCBwq3Zk2uZhl06uk1r0N/e3sog0t94aPcQ=="
      },
      "bblanchon.PDFium.macOS": {
        "type": "Transitive",
        "resolved": "154.0.8035",
        "contentHash": "hKhPX5Hfn9tQUCUEgYEmO+0sZxXud/zwhCU37zXWqOcwyhWhs9Zsv7EiUKSRdJrgYrruzuJzVuFvT4W4w3xA9A=="
      }
    }
  }
}